Microsoft Visual Studio Solution File, Format Version 12.00
# Visual Studio 2012
Project("{FAE04EC0-301F-11D3-BF4B-00C04F79EFBC}") = "Сrimson Flow", "Сrimson Flow.csproj", "{32AB6E6A-7888-4EB9-B6F5-8F1DA9A1DDAE}"
EndProject
Global
	GlobalSection(SolutionConfigurationPlatforms) = preSolution
	Debug|Any CPU = Debug|Any CPU
	ExportDebug|Any CPU = ExportDebug|Any CPU
	ExportRelease|Any CPU = ExportRelease|Any CPU
	EndGlobalSection
	GlobalSection(ProjectConfigurationPlatforms) = postSolution
		{32AB6E6A-7888-4EB9-B6F5-8F1DA9A1DDAE}.Debug|Any CPU.ActiveCfg = Debug|Any CPU
		{32AB6E6A-7888-4EB9-B6F5-8F1DA9A1DDAE}.Debug|Any CPU.Build.0 = Debug|Any CPU
		{32AB6E6A-7888-4EB9-B6F5-8F1DA9A1DDAE}.ExportDebug|Any CPU.ActiveCfg = ExportDebug|Any CPU
		{32AB6E6A-7888-4EB9-B6F5-8F1DA9A1DDAE}.ExportDebug|Any CPU.Build.0 = ExportDebug|Any CPU
		{32AB6E6A-7888-4EB9-B6F5-8F1DA9A1DDAE}.ExportRelease|Any CPU.ActiveCfg = ExportRelease|Any CPU
		{32AB6E6A-7888-4EB9-B6F5-8F1DA9A1DDAE}.ExportRelease|Any CPU.Build.0 = ExportRelease|Any CPU
	EndGlobalSection
EndGlobal
